
Microsoft Visual Studio Solution File, Format Version 12.00
# Visual Studio Version 17
VisualStudioVersion = 17.7.34031.279
MinimumVisualStudioVersion = 10.0.40219.1
Project("{9A19103F-16F7-4668-BE54-9A1E7A4F7556}") = "Bai1_1", "Bai1_1\Bai1_1.csproj", "{3183E325-02D8-4FB1-8659-6E7960E355F5}"
EndProject
Project("{FAE04EC0-301F-11D3-BF4B-00C04F79EFBC}") = "Bai1_4", "Bai1_4\Bai1_4.csproj", "{A59CAF57-8D5D-4D22-839F-CCEF57FDE299}"
EndProject
Global
	GlobalSection(SolutionConfigurationPlatforms) = preSolution
		Debug|Any CPU = Debug|Any CPU
		Release|Any CPU = Release|Any CPU
	EndGlobalSection
	GlobalSection(ProjectConfigurationPlatforms) = postSolution
		{3183E325-02D8-4FB1-8659-6E7960E355F5}.Debug|Any CPU.ActiveCfg = Debug|Any CPU
		{3183E325-02D8-4FB1-8659-6E7960E355F5}.Debug|Any CPU.Build.0 = Debug|Any CPU
		{3183E325-02D8-4FB1-8659-6E7960E355F5}.Release|Any CPU.ActiveCfg = Release|Any CPU
		{3183E325-02D8-4FB1-8659-6E7960E355F5}.Release|Any CPU.Build.0 = Release|Any CPU
		{A59CAF57-8D5D-4D22-839F-CCEF57FDE299}.Debug|Any CPU.ActiveCfg = Debug|Any CPU
		{A59CAF57-8D5D-4D22-839F-CCEF57FDE299}.Debug|Any CPU.Build.0 = Debug|Any CPU
		{A59CAF57-8D5D-4D22-839F-CCEF57FDE299}.Release|Any CPU.ActiveCfg = Release|Any CPU
		{A59CAF57-8D5D-4D22-839F-CCEF57FDE299}.Release|Any CPU.Build.0 = Release|Any CPU
	EndGlobalSection
	GlobalSection(SolutionProperties) = preSolution
		HideSolutionNode = FALSE
	EndGlobalSection
	GlobalSection(ExtensibilityGlobals) = postSolution
		SolutionGuid = {8AE7381A-AD1C-4020-83B9-3A80937E7703}
	EndGlobalSection
EndGlobal
